
Microsoft Visual Studio Solution File, Format Version 12.00
Project("{FAE04EC0-301F-11D3-BF4B-00C04F79EFBC}") = "ReportGenerator.Service", "src\ReportGenerator.Service\ReportGenerator.Service.csproj", "{743A495B-4671-41B4-99E6-C36563939951}"
EndProject
Project("{FAE04EC0-301F-11D3-BF4B-00C04F79EFBC}") = "ReportGenerator.Core", "src\ReportGenerator.Core\ReportGenerator.Core.csproj", "{139E7631-FB52-445E-8D8C-CB61D1C5BFD9}"
EndProject
Project("{FAE04EC0-301F-11D3-BF4B-00C04F79EFBC}") = "ReportGenerator.Tests", "src\ReportGenerator.Tests\ReportGenerator.Tests.csproj", "{436F81E6-E542-4F42-A939-5163024F5550}"
EndProject
Global
	GlobalSection(SolutionConfigurationPlatforms) = preSolution
		Debug|Any CPU = Debug|Any CPU
		Release|Any CPU = Release|Any CPU
	EndGlobalSection
	GlobalSection(ProjectConfigurationPlatforms) = postSolution
		{743A495B-4671-41B4-99E6-C36563939951}.Debug|Any CPU.ActiveCfg = Debug|Any CPU
		{743A495B-4671-41B4-99E6-C36563939951}.Debug|Any CPU.Build.0 = Debug|Any CPU
		{743A495B-4671-41B4-99E6-C36563939951}.Release|Any CPU.ActiveCfg = Release|Any CPU
		{743A495B-4671-41B4-99E6-C36563939951}.Release|Any CPU.Build.0 = Release|Any CPU
		{139E7631-FB52-445E-8D8C-CB61D1C5BFD9}.Debug|Any CPU.ActiveCfg = Debug|Any CPU
		{139E7631-FB52-445E-8D8C-CB61D1C5BFD9}.Debug|Any CPU.Build.0 = Debug|Any CPU
		{139E7631-FB52-445E-8D8C-CB61D1C5BFD9}.Release|Any CPU.ActiveCfg = Release|Any CPU
		{139E7631-FB52-445E-8D8C-CB61D1C5BFD9}.Release|Any CPU.Build.0 = Release|Any CPU
		{436F81E6-E542-4F42-A939-5163024F5550}.Debug|Any CPU.ActiveCfg = Debug|Any CPU
		{436F81E6-E542-4F42-A939-5163024F5550}.Debug|Any CPU.Build.0 = Debug|Any CPU
		{436F81E6-E542-4F42-A939-5163024F5550}.Release|Any CPU.ActiveCfg = Release|Any CPU
		{436F81E6-E542-4F42-A939-5163024F5550}.Release|Any CPU.Build.0 = Release|Any CPU
	EndGlobalSection
EndGlobal
